
Microsoft Visual Studio Solution File, Format Version 12.00
# Visual Studio Version 17
VisualStudioVersion = 17.0.32126.317
MinimumVisualStudioVersion = 10.0.40219.1
Project("{FAE04EC0-301F-11D3-BF4B-00C04F79EFBC}") = "Soma pares e impares", "Soma pares e impares\Soma pares e impares.csproj", "{5EF3B0A4-7363-4563-A714-88DAD36BC337}"
EndProject
Global
	GlobalSection(SolutionConfigurationPlatforms) = preSolution
		Debug|Any CPU = Debug|Any CPU
		Release|Any CPU = Release|Any CPU
	EndGlobalSection
	GlobalSection(ProjectConfigurationPlatforms) = postSolution
		{5EF3B0A4-7363-4563-A714-88DAD36BC337}.Debug|Any CPU.ActiveCfg = Debug|Any CPU
		{5EF3B0A4-7363-4563-A714-88DAD36BC337}.Debug|Any CPU.Build.0 = Debug|Any CPU
		{5EF3B0A4-7363-4563-A714-88DAD36BC337}.Release|Any CPU.ActiveCfg = Release|Any CPU
		{5EF3B0A4-7363-4563-A714-88DAD36BC337}.Release|Any CPU.Build.0 = Release|Any CPU
	EndGlobalSection
	GlobalSection(SolutionProperties) = preSolution
		HideSolutionNode = FALSE
	EndGlobalSection
	GlobalSection(ExtensibilityGlobals) = postSolution
		SolutionGuid = {46ECE4B3-E0E7-4B40-B07F-3921EE463AE4}
	EndGlobalSection
EndGlobal
